
Microsoft Visual Studio Solution File, Format Version 12.00
Project("{FAE04EC0-301F-11D3-BF4B-00C04F79EFBC}") = "fxl.codes.tumblr", "fxl.codes.tumblr.web\fxl.codes.tumblr.csproj", "{F50D5998-BBA6-4F57-81E3-7BC0C78F3CF9}"
EndProject
Project("{FAE04EC0-301F-11D3-BF4B-00C04F79EFBC}") = "fxl.codes.tumblr.tests", "fxl.codes.tumblr.tests\fxl.codes.tumblr.tests.csproj", "{4DEA4629-A10C-4E45-B393-AB00357EAFB0}"
EndProject
Global
	GlobalSection(SolutionConfigurationPlatforms) = preSolution
		Debug|Any CPU = Debug|Any CPU
		Release|Any CPU = Release|Any CPU
	EndGlobalSection
	GlobalSection(ProjectConfigurationPlatforms) = postSolution
		{F50D5998-BBA6-4F57-81E3-7BC0C78F3CF9}.Debug|Any CPU.ActiveCfg = Debug|Any CPU
		{F50D5998-BBA6-4F57-81E3-7BC0C78F3CF9}.Debug|Any CPU.Build.0 = Debug|Any CPU
		{F50D5998-BBA6-4F57-81E3-7BC0C78F3CF9}.Release|Any CPU.ActiveCfg = Release|Any CPU
		{F50D5998-BBA6-4F57-81E3-7BC0C78F3CF9}.Release|Any CPU.Build.0 = Release|Any CPU
		{4DEA4629-A10C-4E45-B393-AB00357EAFB0}.Debug|Any CPU.ActiveCfg = Debug|Any CPU
		{4DEA4629-A10C-4E45-B393-AB00357EAFB0}.Debug|Any CPU.Build.0 = Debug|Any CPU
		{4DEA4629-A10C-4E45-B393-AB00357EAFB0}.Release|Any CPU.ActiveCfg = Release|Any CPU
		{4DEA4629-A10C-4E45-B393-AB00357EAFB0}.Release|Any CPU.Build.0 = Release|Any CPU
	EndGlobalSection
EndGlobal
